
Microsoft Visual Studio Solution File, Format Version 12.00
# Visual Studio Version 17
VisualStudioVersion = 17.7.34031.279
MinimumVisualStudioVersion = 10.0.40219.1
Project("{9A19103F-16F7-4668-BE54-9A1E7A4F7556}") = "RailHackaton2023", "RailHackaton2023\RailHackaton2023.csproj", "{57A124CF-7121-41A0-9CFD-382E7BA0ED19}"
EndProject
Project("{9A19103F-16F7-4668-BE54-9A1E7A4F7556}") = "RailHackaton2023.UnitTests", "RailHackaton2023.UnitTests\RailHackaton2023.UnitTests.csproj", "{DCC7FFC2-2662-4796-8C68-2CE634AAF188}"
EndProject
Global
	GlobalSection(SolutionConfigurationPlatforms) = preSolution
		Debug|Any CPU = Debug|Any CPU
		Release|Any CPU = Release|Any CPU
	EndGlobalSection
	GlobalSection(ProjectConfigurationPlatforms) = postSolution
		{57A124CF-7121-41A0-9CFD-382E7BA0ED19}.Debug|Any CPU.ActiveCfg = Debug|Any CPU
		{57A124CF-7121-41A0-9CFD-382E7BA0ED19}.Debug|Any CPU.Build.0 = Debug|Any CPU
		{57A124CF-7121-41A0-9CFD-382E7BA0ED19}.Release|Any CPU.ActiveCfg = Release|Any CPU
		{57A124CF-7121-41A0-9CFD-382E7BA0ED19}.Release|Any CPU.Build.0 = Release|Any CPU
		{DCC7FFC2-2662-4796-8C68-2CE634AAF188}.Debug|Any CPU.ActiveCfg = Debug|Any CPU
		{DCC7FFC2-2662-4796-8C68-2CE634AAF188}.Debug|Any CPU.Build.0 = Debug|Any CPU
		{DCC7FFC2-2662-4796-8C68-2CE634AAF188}.Release|Any CPU.ActiveCfg = Release|Any CPU
		{DCC7FFC2-2662-4796-8C68-2CE634AAF188}.Release|Any CPU.Build.0 = Release|Any CPU
	EndGlobalSection
	GlobalSection(SolutionProperties) = preSolution
		HideSolutionNode = FALSE
	EndGlobalSection
	GlobalSection(ExtensibilityGlobals) = postSolution
		SolutionGuid = {4BCC6384-07C2-412E-803A-EF81E78A29D8}
	EndGlobalSection
EndGlobal
